
Microsoft Visual Studio Solution File, Format Version 12.00
# Visual Studio Version 17
VisualStudioVersion = 17.9.34607.119
MinimumVisualStudioVersion = 10.0.40219.1
Project("{FAE04EC0-301F-11D3-BF4B-00C04F79EFBC}") = "DbFileApi.API", "DbFileApi\DbFileApi.API.csproj", "{96299EC7-C8FE-4386-8CA6-9EBB3971F721}"
EndProject
Project("{FAE04EC0-301F-11D3-BF4B-00C04F79EFBC}") = "DbFileApi.Application", "DbFileApi.Application\DbFileApi.Application.csproj", "{63451451-3DC1-4F8A-9909-18FEB74FB7AB}"
EndProject
Project("{FAE04EC0-301F-11D3-BF4B-00C04F79EFBC}") = "DbFileApi.Domain", "DbFileApi.Domain\DbFileApi.Domain.csproj", "{9FF6F78E-4FE8-4A2B-B4AF-F505009B39A0}"
EndProject
Project("{FAE04EC0-301F-11D3-BF4B-00C04F79EFBC}") = "DbFileApi.Infrastructure", "DbFileApi.Infrastructure\DbFileApi.Infrastructure.csproj", "{4A0F87B9-329C-4D4F-87A5-E8BDFE3A84D9}"
EndProject
Global
	GlobalSection(SolutionConfigurationPlatforms) = preSolution
		Debug|Any CPU = Debug|Any CPU
		Release|Any CPU = Release|Any CPU
	EndGlobalSection
	GlobalSection(ProjectConfigurationPlatforms) = postSolution
		{96299EC7-C8FE-4386-8CA6-9EBB3971F721}.Debug|Any CPU.ActiveCfg = Debug|Any CPU
		{96299EC7-C8FE-4386-8CA6-9EBB3971F721}.Debug|Any CPU.Build.0 = Debug|Any CPU
		{96299EC7-C8FE-4386-8CA6-9EBB3971F721}.Release|Any CPU.ActiveCfg = Release|Any CPU
		{96299EC7-C8FE-4386-8CA6-9EBB3971F721}.Release|Any CPU.Build.0 = Release|Any CPU
		{63451451-3DC1-4F8A-9909-18FEB74FB7AB}.Debug|Any CPU.ActiveCfg = Debug|Any CPU
		{63451451-3DC1-4F8A-9909-18FEB74FB7AB}.Debug|Any CPU.Build.0 = Debug|Any CPU
		{63451451-3DC1-4F8A-9909-18FEB74FB7AB}.Release|Any CPU.ActiveCfg = Release|Any CPU
		{63451451-3DC1-4F8A-9909-18FEB74FB7AB}.Release|Any CPU.Build.0 = Release|Any CPU
		{9FF6F78E-4FE8-4A2B-B4AF-F505009B39A0}.Debug|Any CPU.ActiveCfg = Debug|Any CPU
		{9FF6F78E-4FE8-4A2B-B4AF-F505009B39A0}.Debug|Any CPU.Build.0 = Debug|Any CPU
		{9FF6F78E-4FE8-4A2B-B4AF-F505009B39A0}.Release|Any CPU.ActiveCfg = Release|Any CPU
		{9FF6F78E-4FE8-4A2B-B4AF-F505009B39A0}.Release|Any CPU.Build.0 = Release|Any CPU
		{4A0F87B9-329C-4D4F-87A5-E8BDFE3A84D9}.Debug|Any CPU.ActiveCfg = Debug|Any CPU
		{4A0F87B9-329C-4D4F-87A5-E8BDFE3A84D9}.Debug|Any CPU.Build.0 = Debug|Any CPU
		{4A0F87B9-329C-4D4F-87A5-E8BDFE3A84D9}.Release|Any CPU.ActiveCfg = Release|Any CPU
		{4A0F87B9-329C-4D4F-87A5-E8BDFE3A84D9}.Release|Any CPU.Build.0 = Release|Any CPU
	EndGlobalSection
	GlobalSection(SolutionProperties) = preSolution
		HideSolutionNode = FALSE
	EndGlobalSection
	GlobalSection(ExtensibilityGlobals) = postSolution
		SolutionGuid = {18E0B3FE-2A5A-4737-A5F2-6D1A5A6B5DA7}
	EndGlobalSection
EndGlobal
